
Microsoft Visual Studio Solution File, Format Version 12.00
# Visual Studio Version 17
VisualStudioVersion = 17.13.35931.197 d17.13
MinimumVisualStudioVersion = 10.0.40219.1
Project("{FAE04EC0-301F-11D3-BF4B-00C04F79EFBC}") = "pryDegani_GestionInventario", "pryDegani_GestionInventario\pryDegani_GestionInventario.csproj", "{E86ED220-B3E4-4443-9A8A-B6D3CAA218BA}"
EndProject
Global
	GlobalSection(SolutionConfigurationPlatforms) = preSolution
		Debug|Any CPU = Debug|Any CPU
		Release|Any CPU = Release|Any CPU
	EndGlobalSection
	GlobalSection(ProjectConfigurationPlatforms) = postSolution
		{E86ED220-B3E4-4443-9A8A-B6D3CAA218BA}.Debug|Any CPU.ActiveCfg = Debug|Any CPU
		{E86ED220-B3E4-4443-9A8A-B6D3CAA218BA}.Debug|Any CPU.Build.0 = Debug|Any CPU
		{E86ED220-B3E4-4443-9A8A-B6D3CAA218BA}.Release|Any CPU.ActiveCfg = Release|Any CPU
		{E86ED220-B3E4-4443-9A8A-B6D3CAA218BA}.Release|Any CPU.Build.0 = Release|Any CPU
	EndGlobalSection
	GlobalSection(SolutionProperties) = preSolution
		HideSolutionNode = FALSE
	EndGlobalSection
	GlobalSection(ExtensibilityGlobals) = postSolution
		SolutionGuid = {FF6F48B0-5D4D-464B-91A3-E288AF5A6529}
	EndGlobalSection
EndGlobal
